{
  "name": "card-check",
  "version": "0.0.1",
  "lockfileVersion": 1,
  "requires": true,
  "dependencies": {
    "card-validator": {
      "version": "4.1.0",
      "resolved": "https://registry.npmjs.org/card-validator/-/card-validator-4.1.0.tgz",
      "integrity": "sha1-HWDvCdrQZDLmwsC7xjOD/8EmsOg=",
      "requires": {
        "credit-card-type": "5.0.3"
      }
    },
    "cli-table": {
      "version": "0.3.1",
      "resolved": "https://registry.npmjs.org/cli-table/-/cli-table-0.3.1.tgz",
      "integrity": "sha1-9TsFJmqLGguTSz0IIebi3FkUriM=",
      "requires": {
        "colors": "1.0.3"
      }
    },
    "colors": {
      "version": "1.0.3",
      "resolved": "https://registry.npmjs.org/colors/-/colors-1.0.3.tgz",
      "integrity": "sha1-BDP0TYCWgP3rYO0mDxsMJi6CpAs="
    },
    "credit-card-type": {
      "version": "5.0.3",
      "resolved": "https://registry.npmjs.org/credit-card-type/-/credit-card-type-5.0.3.tgz",
      "integrity": "sha1-ISLwGRkg4njBVRjdQ+86uz9pNZ0="
    }
  }
}
